
Microsoft Visual Studio Solution File, Format Version 12.00
# Visual Studio Version 16
VisualStudioVersion = 16.0.30907.101
MinimumVisualStudioVersion = 10.0.40219.1
Project("{FAE04EC0-301F-11D3-BF4B-00C04F79EFBC}") = "ProjectTest", "ProjectTest\ProjectTest.csproj", "{F1C15A10-6436-438E-B215-FE6EBC110906}"
EndProject
Project("{FAE04EC0-301F-11D3-BF4B-00C04F79EFBC}") = "ConsoleApp", "ConsoleApp\ConsoleApp.csproj", "{72547D15-CC63-4CD6-ACBC-D0B4B1B9590F}"
EndProject
Global
	GlobalSection(SolutionConfigurationPlatforms) = preSolution
		Debug|Any CPU = Debug|Any CPU
		Release|Any CPU = Release|Any CPU
	EndGlobalSection
	GlobalSection(ProjectConfigurationPlatforms) = postSolution
		{F1C15A10-6436-438E-B215-FE6EBC110906}.Debug|Any CPU.ActiveCfg = Debug|Any CPU
		{F1C15A10-6436-438E-B215-FE6EBC110906}.Debug|Any CPU.Build.0 = Debug|Any CPU
		{F1C15A10-6436-438E-B215-FE6EBC110906}.Release|Any CPU.ActiveCfg = Release|Any CPU
		{F1C15A10-6436-438E-B215-FE6EBC110906}.Release|Any CPU.Build.0 = Release|Any CPU
		{72547D15-CC63-4CD6-ACBC-D0B4B1B9590F}.Debug|Any CPU.ActiveCfg = Debug|Any CPU
		{72547D15-CC63-4CD6-ACBC-D0B4B1B9590F}.Debug|Any CPU.Build.0 = Debug|Any CPU
		{72547D15-CC63-4CD6-ACBC-D0B4B1B9590F}.Release|Any CPU.ActiveCfg = Release|Any CPU
		{72547D15-CC63-4CD6-ACBC-D0B4B1B9590F}.Release|Any CPU.Build.0 = Release|Any CPU
	EndGlobalSection
	GlobalSection(SolutionProperties) = preSolution
		HideSolutionNode = FALSE
	EndGlobalSection
	GlobalSection(ExtensibilityGlobals) = postSolution
		SolutionGuid = {FC7C09BA-65FA-4E57-B508-E71A1D5EAD88}
	EndGlobalSection
EndGlobal
